
Microsoft Visual Studio Solution File, Format Version 12.00
# Visual Studio Version 16
VisualStudioVersion = 16.0.31515.178
MinimumVisualStudioVersion = 10.0.40219.1
Project("{FAE04EC0-301F-11D3-BF4B-00C04F79EFBC}") = "CalculatorLibrary", "CalculatorLibrary\CalculatorLibrary.csproj", "{E23C3CA0-7BEF-43B5-AF2A-07126DA378AE}"
EndProject
Project("{FAE04EC0-301F-11D3-BF4B-00C04F79EFBC}") = "ClientApp1", "ClientApp1\ClientApp1.csproj", "{9FF1CC9A-E7B9-4493-8223-7D594B862643}"
EndProject
Project("{FAE04EC0-301F-11D3-BF4B-00C04F79EFBC}") = "WindowsServiceHost", "WindowsServiceHost\WindowsServiceHost.csproj", "{894BA418-7AB7-4573-9E91-D5D9E444EE95}"
EndProject
Global
	GlobalSection(SolutionConfigurationPlatforms) = preSolution
		Debug|Any CPU = Debug|Any CPU
		Release|Any CPU = Release|Any CPU
	EndGlobalSection
	GlobalSection(ProjectConfigurationPlatforms) = postSolution
		{E23C3CA0-7BEF-43B5-AF2A-07126DA378AE}.Debug|Any CPU.ActiveCfg = Debug|Any CPU
		{E23C3CA0-7BEF-43B5-AF2A-07126DA378AE}.Debug|Any CPU.Build.0 = Debug|Any CPU
		{E23C3CA0-7BEF-43B5-AF2A-07126DA378AE}.Release|Any CPU.ActiveCfg = Release|Any CPU
		{E23C3CA0-7BEF-43B5-AF2A-07126DA378AE}.Release|Any CPU.Build.0 = Release|Any CPU
		{9FF1CC9A-E7B9-4493-8223-7D594B862643}.Debug|Any CPU.ActiveCfg = Debug|Any CPU
		{9FF1CC9A-E7B9-4493-8223-7D594B862643}.Debug|Any CPU.Build.0 = Debug|Any CPU
		{9FF1CC9A-E7B9-4493-8223-7D594B862643}.Release|Any CPU.ActiveCfg = Release|Any CPU
		{9FF1CC9A-E7B9-4493-8223-7D594B862643}.Release|Any CPU.Build.0 = Release|Any CPU
		{894BA418-7AB7-4573-9E91-D5D9E444EE95}.Debug|Any CPU.ActiveCfg = Debug|Any CPU
		{894BA418-7AB7-4573-9E91-D5D9E444EE95}.Debug|Any CPU.Build.0 = Debug|Any CPU
		{894BA418-7AB7-4573-9E91-D5D9E444EE95}.Release|Any CPU.ActiveCfg = Release|Any CPU
		{894BA418-7AB7-4573-9E91-D5D9E444EE95}.Release|Any CPU.Build.0 = Release|Any CPU
	EndGlobalSection
	GlobalSection(SolutionProperties) = preSolution
		HideSolutionNode = FALSE
	EndGlobalSection
	GlobalSection(ExtensibilityGlobals) = postSolution
		SolutionGuid = {2610B420-19E7-43E4-934C-0E1414D36365}
	EndGlobalSection
EndGlobal
